
Microsoft Visual Studio Solution File, Format Version 12.00
# Visual Studio Version 17
VisualStudioVersion = 17.3.32922.545
MinimumVisualStudioVersion = 10.0.40219.1
Project("{FAE04EC0-301F-11D3-BF4B-00C04F79EFBC}") = "c dies_18", "c dies_18\c dies_18.csproj", "{B80C5107-0E13-4DBD-A4A0-B99F0E6D6415}"
EndProject
Global
	GlobalSection(SolutionConfigurationPlatforms) = preSolution
		Debug|Any CPU = Debug|Any CPU
		Release|Any CPU = Release|Any CPU
	EndGlobalSection
	GlobalSection(ProjectConfigurationPlatforms) = postSolution
		{B80C5107-0E13-4DBD-A4A0-B99F0E6D6415}.Debug|Any CPU.ActiveCfg = Debug|Any CPU
		{B80C5107-0E13-4DBD-A4A0-B99F0E6D6415}.Debug|Any CPU.Build.0 = Debug|Any CPU
		{B80C5107-0E13-4DBD-A4A0-B99F0E6D6415}.Release|Any CPU.ActiveCfg = Release|Any CPU
		{B80C5107-0E13-4DBD-A4A0-B99F0E6D6415}.Release|Any CPU.Build.0 = Release|Any CPU
	EndGlobalSection
	GlobalSection(SolutionProperties) = preSolution
		HideSolutionNode = FALSE
	EndGlobalSection
	GlobalSection(ExtensibilityGlobals) = postSolution
		SolutionGuid = {05F007A5-AB26-4C84-ACCC-7233CFF754A4}
	EndGlobalSection
EndGlobal
